
Microsoft Visual Studio Solution File, Format Version 12.00
# Visual Studio Version 16
VisualStudioVersion = 25.0.1706.8
MinimumVisualStudioVersion = 10.0.40219.1
Project("{FAE04EC0-301F-11D3-BF4B-00C04F79EFBC}") = "ShapeManager", "ShapeManager\ShapeManager.csproj", "{FBBA3E4A-77C5-4A76-98F4-32F76CD05738}"
EndProject
Global
	GlobalSection(SolutionConfigurationPlatforms) = preSolution
		Debug|Any CPU = Debug|Any CPU
		Release|Any CPU = Release|Any CPU
	EndGlobalSection
	GlobalSection(ProjectConfigurationPlatforms) = postSolution
		{FBBA3E4A-77C5-4A76-98F4-32F76CD05738}.Debug|Any CPU.ActiveCfg = Debug|Any CPU
		{FBBA3E4A-77C5-4A76-98F4-32F76CD05738}.Debug|Any CPU.Build.0 = Debug|Any CPU
		{FBBA3E4A-77C5-4A76-98F4-32F76CD05738}.Release|Any CPU.ActiveCfg = Release|Any CPU
		{FBBA3E4A-77C5-4A76-98F4-32F76CD05738}.Release|Any CPU.Build.0 = Release|Any CPU
	EndGlobalSection
	GlobalSection(SolutionProperties) = preSolution
		HideSolutionNode = FALSE
	EndGlobalSection
	GlobalSection(ExtensibilityGlobals) = postSolution
		SolutionGuid = {09A42359-2E86-4F3B-BEE9-B1FCF999CE75}
	EndGlobalSection
EndGlobal
